
Microsoft Visual Studio Solution File, Format Version 12.00
# Visual Studio Version 17
VisualStudioVersion = 17.7.34009.444
MinimumVisualStudioVersion = 10.0.40219.1
Project("{FAE04EC0-301F-11D3-BF4B-00C04F79EFBC}") = "Calculator Program", "Calculator Program\Calculator Program.csproj", "{FFA237E0-FEA3-46F0-86A2-5FD049AFAB78}"
EndProject
Global
	GlobalSection(SolutionConfigurationPlatforms) = preSolution
		Debug|Any CPU = Debug|Any CPU
		Release|Any CPU = Release|Any CPU
	EndGlobalSection
	GlobalSection(ProjectConfigurationPlatforms) = postSolution
		{FFA237E0-FEA3-46F0-86A2-5FD049AFAB78}.Debug|Any CPU.ActiveCfg = Debug|Any CPU
		{FFA237E0-FEA3-46F0-86A2-5FD049AFAB78}.Debug|Any CPU.Build.0 = Debug|Any CPU
		{FFA237E0-FEA3-46F0-86A2-5FD049AFAB78}.Release|Any CPU.ActiveCfg = Release|Any CPU
		{FFA237E0-FEA3-46F0-86A2-5FD049AFAB78}.Release|Any CPU.Build.0 = Release|Any CPU
	EndGlobalSection
	GlobalSection(SolutionProperties) = preSolution
		HideSolutionNode = FALSE
	EndGlobalSection
	GlobalSection(ExtensibilityGlobals) = postSolution
		SolutionGuid = {AC45EE5F-6F98-4F8F-B1C7-C1E698866F6C}
	EndGlobalSection
EndGlobal
